Microsoft Visual Studio Solution File, Format Version 12.00
# Visual Studio 14
VisualStudioVersion = 14.0.23107.0
MinimumVisualStudioVersion = 10.0.40219.1
Project("{2150E333-8FDC-42A3-9474-1A3956D46DE8}") = "Solution Items", "Solution Items", "{09719A6F-2DDC-4E60-AFB6-83F9558B8514}"
	ProjectSection(SolutionItems) = preProject
		EmailMe\EmailMe.vcproj = EmailMe\EmailMe.vcproj
		WhoIs\WhoIs.vcproj = WhoIs\WhoIs.vcproj
	EndProjectSection
EndProject
Project("{8BC9CEB8-8B4A-11D0-8D11-00A0C91BC942}") = "MyIsapi", "MyIsapi\MyIsapi.vcxproj", "{C3DB5543-7BA0-4453-852C-F805C1D106EE}"
EndProject
Project("{8BC9CEB8-8B4A-11D0-8D11-00A0C91BC942}") = "JS", "JS\JS.vcxproj", "{5694A529-94EB-4041-B4E8-B1B2930F1B51}"
EndProject
Project("{FAE04EC0-301F-11D3-BF4B-00C04F79EFBC}") = "SignalRChat", "SignalRChat\SignalRChat\SignalRChat.csproj", "{5E35FE6D-2AF0-4F7D-80E4-7187F7E40D37}"
EndProject
Project("{FAE04EC0-301F-11D3-BF4B-00C04F79EFBC}") = "Chat", "Chat\Chat.csproj", "{815BFF88-6896-41B3-9414-78CE166E52FA}"
EndProject
Global
	GlobalSection(SolutionConfigurationPlatforms) = preSolution
		Debug|Any CPU = Debug|Any CPU
		Debug|Win32 = Debug|Win32
		Debug|x64 = Debug|x64
		Release|Any CPU = Release|Any CPU
		Release|Win32 = Release|Win32
		Release|x64 = Release|x64
	EndGlobalSection
	GlobalSection(ProjectConfigurationPlatforms) = postSolution
		{C3DB5543-7BA0-4453-852C-F805C1D106EE}.Debug|Any CPU.ActiveCfg = Debug|Win32
		{C3DB5543-7BA0-4453-852C-F805C1D106EE}.Debug|Win32.ActiveCfg = Debug|Win32
		{C3DB5543-7BA0-4453-852C-F805C1D106EE}.Debug|Win32.Build.0 = Debug|Win32
		{C3DB5543-7BA0-4453-852C-F805C1D106EE}.Debug|x64.ActiveCfg = Debug|x64
		{C3DB5543-7BA0-4453-852C-F805C1D106EE}.Debug|x64.Build.0 = Debug|x64
		{C3DB5543-7BA0-4453-852C-F805C1D106EE}.Release|Any CPU.ActiveCfg = Release|Win32
		{C3DB5543-7BA0-4453-852C-F805C1D106EE}.Release|Win32.ActiveCfg = Release|Win32
		{C3DB5543-7BA0-4453-852C-F805C1D106EE}.Release|Win32.Build.0 = Release|Win32
		{C3DB5543-7BA0-4453-852C-F805C1D106EE}.Release|x64.ActiveCfg = Release|x64
		{C3DB5543-7BA0-4453-852C-F805C1D106EE}.Release|x64.Build.0 = Release|x64
		{5694A529-94EB-4041-B4E8-B1B2930F1B51}.Debug|Any CPU.ActiveCfg = Debug|Win32
		{5694A529-94EB-4041-B4E8-B1B2930F1B51}.Debug|Win32.ActiveCfg = Debug|Win32
		{5694A529-94EB-4041-B4E8-B1B2930F1B51}.Debug|Win32.Build.0 = Debug|Win32
		{5694A529-94EB-4041-B4E8-B1B2930F1B51}.Debug|x64.ActiveCfg = Debug|x64
		{5694A529-94EB-4041-B4E8-B1B2930F1B51}.Debug|x64.Build.0 = Debug|x64
		{5694A529-94EB-4041-B4E8-B1B2930F1B51}.Release|Any CPU.ActiveCfg = Release|Win32
		{5694A529-94EB-4041-B4E8-B1B2930F1B51}.Release|Win32.ActiveCfg = Release|Win32
		{5694A529-94EB-4041-B4E8-B1B2930F1B51}.Release|Win32.Build.0 = Release|Win32
		{5694A529-94EB-4041-B4E8-B1B2930F1B51}.Release|x64.ActiveCfg = Release|x64
		{5694A529-94EB-4041-B4E8-B1B2930F1B51}.Release|x64.Build.0 = Release|x64
		{5E35FE6D-2AF0-4F7D-80E4-7187F7E40D37}.Debug|Any CPU.ActiveCfg = Debug|Any CPU
		{5E35FE6D-2AF0-4F7D-80E4-7187F7E40D37}.Debug|Any CPU.Build.0 = Debug|Any CPU
		{5E35FE6D-2AF0-4F7D-80E4-7187F7E40D37}.Debug|Win32.ActiveCfg = Debug|Any CPU
		{5E35FE6D-2AF0-4F7D-80E4-7187F7E40D37}.Debug|Win32.Build.0 = Debug|Any CPU
		{5E35FE6D-2AF0-4F7D-80E4-7187F7E40D37}.Debug|x64.ActiveCfg = Debug|Any CPU
		{5E35FE6D-2AF0-4F7D-80E4-7187F7E40D37}.Debug|x64.Build.0 = Debug|Any CPU
		{5E35FE6D-2AF0-4F7D-80E4-7187F7E40D37}.Release|Any CPU.ActiveCfg = Release|Any CPU
		{5E35FE6D-2AF0-4F7D-80E4-7187F7E40D37}.Release|Any CPU.Build.0 = Release|Any CPU
		{5E35FE6D-2AF0-4F7D-80E4-7187F7E40D37}.Release|Win32.ActiveCfg = Release|Any CPU
		{5E35FE6D-2AF0-4F7D-80E4-7187F7E40D37}.Release|Win32.Build.0 = Release|Any CPU
		{5E35FE6D-2AF0-4F7D-80E4-7187F7E40D37}.Release|x64.ActiveCfg = Release|Any CPU
		{5E35FE6D-2AF0-4F7D-80E4-7187F7E40D37}.Release|x64.Build.0 = Release|Any CPU
		{815BFF88-6896-41B3-9414-78CE166E52FA}.Debug|Any CPU.ActiveCfg = Debug|Any CPU
		{815BFF88-6896-41B3-9414-78CE166E52FA}.Debug|Any CPU.Build.0 = Debug|Any CPU
		{815BFF88-6896-41B3-9414-78CE166E52FA}.Debug|Win32.ActiveCfg = Debug|Any CPU
		{815BFF88-6896-41B3-9414-78CE166E52FA}.Debug|Win32.Build.0 = Debug|Any CPU
		{815BFF88-6896-41B3-9414-78CE166E52FA}.Debug|x64.ActiveCfg = Debug|Any CPU
		{815BFF88-6896-41B3-9414-78CE166E52FA}.Debug|x64.Build.0 = Debug|Any CPU
		{815BFF88-6896-41B3-9414-78CE166E52FA}.Release|Any CPU.ActiveCfg = Release|Any CPU
		{815BFF88-6896-41B3-9414-78CE166E52FA}.Release|Any CPU.Build.0 = Release|Any CPU
		{815BFF88-6896-41B3-9414-78CE166E52FA}.Release|Win32.ActiveCfg = Release|Any CPU
		{815BFF88-6896-41B3-9414-78CE166E52FA}.Release|Win32.Build.0 = Release|Any CPU
		{815BFF88-6896-41B3-9414-78CE166E52FA}.Release|x64.ActiveCfg = Release|Any CPU
		{815BFF88-6896-41B3-9414-78CE166E52FA}.Release|x64.Build.0 = Release|Any CPU
	EndGlobalSection
	GlobalSection(SolutionProperties) = preSolution
		HideSolutionNode = FALSE
	EndGlobalSection
	GlobalSection(VisualSVN) = preSolution
	EndGlobalSection
EndGlobal
