Microsoft Visual Studio Solution File, Format Version 12.00
# Visual Studio 14
VisualStudioVersion = 14.0.23107.0
MinimumVisualStudioVersion = 10.0.40219.1
Project("{2150E333-8FDC-42A3-9474-1A3956D46DE8}") = "Solution Items", "Solution Items", "{09719A6F-2DDC-4E60-AFB6-83F9558B8514}"
EndProject
Project("{8BC9CEB8-8B4A-11D0-8D11-00A0C91BC942}") = "MyIsapi", "MyIsapi\MyIsapi.vcxproj", "{C3DB5543-7BA0-4453-852C-F805C1D106EE}"
EndProject
Project("{8BC9CEB8-8B4A-11D0-8D11-00A0C91BC942}") = "JS", "JS\JS.vcxproj", "{5694A529-94EB-4041-B4E8-B1B2930F1B51}"
EndProject
Project("{FAE04EC0-301F-11D3-BF4B-00C04F79EFBC}") = "SignalRChat", "SignalRChat\SignalRChat\SignalRChat.csproj", "{5E35FE6D-2AF0-4F7D-80E4-7187F7E40D37}"
EndProject
Project("{FAE04EC0-301F-11D3-BF4B-00C04F79EFBC}") = "Chat", "Chat\Chat.csproj", "{815BFF88-6896-41B3-9414-78CE166E52FA}"
EndProject
Project("{FAE04EC0-301F-11D3-BF4B-00C04F79EFBC}") = "ChatSharp", "..\..\..\Sane IRC library for .NET\ChatSharp\ChatSharp\ChatSharp.csproj", "{4033AFFA-BEA3-4BDF-84EA-59A23360FD36}"
EndProject
Project("{8BC9CEB8-8B4A-11D0-8D11-00A0C91BC942}") = "TreeElement", "GoogleSite\TreeElement\TreeElement.vcxproj", "{C11F4E3F-1527-4DF4-97C0-9FBC62EFF147}"
EndProject
Project("{8BC9CEB8-8B4A-11D0-8D11-00A0C91BC942}") = "Tabs", "GoogleSite\Tabs\Tabs.vcxproj", "{3B48E5E2-CE5B-4A0E-81D6-9F4529661C07}"
EndProject
Project("{8BC9CEB8-8B4A-11D0-8D11-00A0C91BC942}") = "InputKeyFilter", "GoogleSite\InputKeyFilter\InputKeyFilter.vcxproj", "{E3980191-4528-41DD-982B-7BC09F9680E0}"
EndProject
Project("{8BC9CEB8-8B4A-11D0-8D11-00A0C91BC942}") = "innerText-polyfill", "GoogleSite\innerText-polyfill\innerText-polyfill.vcxproj", "{34C2BA86-5845-4781-B5AB-8E551E7BAF09}"
EndProject
Project("{8BC9CEB8-8B4A-11D0-8D11-00A0C91BC942}") = "web-speech-api", "GoogleSite\web-speech-api\web-speech-api.vcxproj", "{1BE56B97-37C1-4C58-A0EC-27397E9E0E19}"
EndProject
Global
	GlobalSection(SolutionConfigurationPlatforms) = preSolution
		Debug|Any CPU = Debug|Any CPU
		Debug|ARM = Debug|ARM
		Debug|Win32 = Debug|Win32
		Debug|x64 = Debug|x64
		Release|Any CPU = Release|Any CPU
		Release|ARM = Release|ARM
		Release|Win32 = Release|Win32
		Release|x64 = Release|x64
	EndGlobalSection
	GlobalSection(ProjectConfigurationPlatforms) = postSolution
		{C3DB5543-7BA0-4453-852C-F805C1D106EE}.Debug|Any CPU.ActiveCfg = Debug|Win32
		{C3DB5543-7BA0-4453-852C-F805C1D106EE}.Debug|ARM.ActiveCfg = Debug|Win32
		{C3DB5543-7BA0-4453-852C-F805C1D106EE}.Debug|Win32.ActiveCfg = Debug|Win32
		{C3DB5543-7BA0-4453-852C-F805C1D106EE}.Debug|Win32.Build.0 = Debug|Win32
		{C3DB5543-7BA0-4453-852C-F805C1D106EE}.Debug|x64.ActiveCfg = Debug|x64
		{C3DB5543-7BA0-4453-852C-F805C1D106EE}.Debug|x64.Build.0 = Debug|x64
		{C3DB5543-7BA0-4453-852C-F805C1D106EE}.Release|Any CPU.ActiveCfg = Release|Win32
		{C3DB5543-7BA0-4453-852C-F805C1D106EE}.Release|ARM.ActiveCfg = Release|Win32
		{C3DB5543-7BA0-4453-852C-F805C1D106EE}.Release|Win32.ActiveCfg = Release|Win32
		{C3DB5543-7BA0-4453-852C-F805C1D106EE}.Release|Win32.Build.0 = Release|Win32
		{C3DB5543-7BA0-4453-852C-F805C1D106EE}.Release|x64.ActiveCfg = Release|x64
		{C3DB5543-7BA0-4453-852C-F805C1D106EE}.Release|x64.Build.0 = Release|x64
		{5694A529-94EB-4041-B4E8-B1B2930F1B51}.Debug|Any CPU.ActiveCfg = Debug|Win32
		{5694A529-94EB-4041-B4E8-B1B2930F1B51}.Debug|ARM.ActiveCfg = Debug|Win32
		{5694A529-94EB-4041-B4E8-B1B2930F1B51}.Debug|Win32.ActiveCfg = Debug|Win32
		{5694A529-94EB-4041-B4E8-B1B2930F1B51}.Debug|Win32.Build.0 = Debug|Win32
		{5694A529-94EB-4041-B4E8-B1B2930F1B51}.Debug|x64.ActiveCfg = Debug|x64
		{5694A529-94EB-4041-B4E8-B1B2930F1B51}.Debug|x64.Build.0 = Debug|x64
		{5694A529-94EB-4041-B4E8-B1B2930F1B51}.Release|Any CPU.ActiveCfg = Release|Win32
		{5694A529-94EB-4041-B4E8-B1B2930F1B51}.Release|ARM.ActiveCfg = Release|Win32
		{5694A529-94EB-4041-B4E8-B1B2930F1B51}.Release|Win32.ActiveCfg = Release|Win32
		{5694A529-94EB-4041-B4E8-B1B2930F1B51}.Release|Win32.Build.0 = Release|Win32
		{5694A529-94EB-4041-B4E8-B1B2930F1B51}.Release|x64.ActiveCfg = Release|x64
		{5694A529-94EB-4041-B4E8-B1B2930F1B51}.Release|x64.Build.0 = Release|x64
		{5E35FE6D-2AF0-4F7D-80E4-7187F7E40D37}.Debug|Any CPU.ActiveCfg = Debug|Any CPU
		{5E35FE6D-2AF0-4F7D-80E4-7187F7E40D37}.Debug|Any CPU.Build.0 = Debug|Any CPU
		{5E35FE6D-2AF0-4F7D-80E4-7187F7E40D37}.Debug|ARM.ActiveCfg = Debug|Any CPU
		{5E35FE6D-2AF0-4F7D-80E4-7187F7E40D37}.Debug|ARM.Build.0 = Debug|Any CPU
		{5E35FE6D-2AF0-4F7D-80E4-7187F7E40D37}.Debug|Win32.ActiveCfg = Debug|Any CPU
		{5E35FE6D-2AF0-4F7D-80E4-7187F7E40D37}.Debug|Win32.Build.0 = Debug|Any CPU
		{5E35FE6D-2AF0-4F7D-80E4-7187F7E40D37}.Debug|x64.ActiveCfg = Debug|Any CPU
		{5E35FE6D-2AF0-4F7D-80E4-7187F7E40D37}.Debug|x64.Build.0 = Debug|Any CPU
		{5E35FE6D-2AF0-4F7D-80E4-7187F7E40D37}.Release|Any CPU.ActiveCfg = Release|Any CPU
		{5E35FE6D-2AF0-4F7D-80E4-7187F7E40D37}.Release|Any CPU.Build.0 = Release|Any CPU
		{5E35FE6D-2AF0-4F7D-80E4-7187F7E40D37}.Release|ARM.ActiveCfg = Release|Any CPU
		{5E35FE6D-2AF0-4F7D-80E4-7187F7E40D37}.Release|ARM.Build.0 = Release|Any CPU
		{5E35FE6D-2AF0-4F7D-80E4-7187F7E40D37}.Release|Win32.ActiveCfg = Release|Any CPU
		{5E35FE6D-2AF0-4F7D-80E4-7187F7E40D37}.Release|Win32.Build.0 = Release|Any CPU
		{5E35FE6D-2AF0-4F7D-80E4-7187F7E40D37}.Release|x64.ActiveCfg = Release|Any CPU
		{5E35FE6D-2AF0-4F7D-80E4-7187F7E40D37}.Release|x64.Build.0 = Release|Any CPU
		{815BFF88-6896-41B3-9414-78CE166E52FA}.Debug|Any CPU.ActiveCfg = Debug|Any CPU
		{815BFF88-6896-41B3-9414-78CE166E52FA}.Debug|Any CPU.Build.0 = Debug|Any CPU
		{815BFF88-6896-41B3-9414-78CE166E52FA}.Debug|ARM.ActiveCfg = Debug|Any CPU
		{815BFF88-6896-41B3-9414-78CE166E52FA}.Debug|ARM.Build.0 = Debug|Any CPU
		{815BFF88-6896-41B3-9414-78CE166E52FA}.Debug|Win32.ActiveCfg = Debug|Any CPU
		{815BFF88-6896-41B3-9414-78CE166E52FA}.Debug|Win32.Build.0 = Debug|Any CPU
		{815BFF88-6896-41B3-9414-78CE166E52FA}.Debug|x64.ActiveCfg = Debug|Any CPU
		{815BFF88-6896-41B3-9414-78CE166E52FA}.Debug|x64.Build.0 = Debug|Any CPU
		{815BFF88-6896-41B3-9414-78CE166E52FA}.Release|Any CPU.ActiveCfg = Release|Any CPU
		{815BFF88-6896-41B3-9414-78CE166E52FA}.Release|Any CPU.Build.0 = Release|Any CPU
		{815BFF88-6896-41B3-9414-78CE166E52FA}.Release|ARM.ActiveCfg = Release|Any CPU
		{815BFF88-6896-41B3-9414-78CE166E52FA}.Release|ARM.Build.0 = Release|Any CPU
		{815BFF88-6896-41B3-9414-78CE166E52FA}.Release|Win32.ActiveCfg = Release|Any CPU
		{815BFF88-6896-41B3-9414-78CE166E52FA}.Release|Win32.Build.0 = Release|Any CPU
		{815BFF88-6896-41B3-9414-78CE166E52FA}.Release|x64.ActiveCfg = Release|Any CPU
		{815BFF88-6896-41B3-9414-78CE166E52FA}.Release|x64.Build.0 = Release|Any CPU
		{4033AFFA-BEA3-4BDF-84EA-59A23360FD36}.Debug|Any CPU.ActiveCfg = Debug|Any CPU
		{4033AFFA-BEA3-4BDF-84EA-59A23360FD36}.Debug|Any CPU.Build.0 = Debug|Any CPU
		{4033AFFA-BEA3-4BDF-84EA-59A23360FD36}.Debug|ARM.ActiveCfg = Debug|Any CPU
		{4033AFFA-BEA3-4BDF-84EA-59A23360FD36}.Debug|ARM.Build.0 = Debug|Any CPU
		{4033AFFA-BEA3-4BDF-84EA-59A23360FD36}.Debug|Win32.ActiveCfg = Debug|Any CPU
		{4033AFFA-BEA3-4BDF-84EA-59A23360FD36}.Debug|Win32.Build.0 = Debug|Any CPU
		{4033AFFA-BEA3-4BDF-84EA-59A23360FD36}.Debug|x64.ActiveCfg = Debug|Any CPU
		{4033AFFA-BEA3-4BDF-84EA-59A23360FD36}.Debug|x64.Build.0 = Debug|Any CPU
		{4033AFFA-BEA3-4BDF-84EA-59A23360FD36}.Release|Any CPU.ActiveCfg = Release|Any CPU
		{4033AFFA-BEA3-4BDF-84EA-59A23360FD36}.Release|Any CPU.Build.0 = Release|Any CPU
		{4033AFFA-BEA3-4BDF-84EA-59A23360FD36}.Release|ARM.ActiveCfg = Release|Any CPU
		{4033AFFA-BEA3-4BDF-84EA-59A23360FD36}.Release|ARM.Build.0 = Release|Any CPU
		{4033AFFA-BEA3-4BDF-84EA-59A23360FD36}.Release|Win32.ActiveCfg = Release|Any CPU
		{4033AFFA-BEA3-4BDF-84EA-59A23360FD36}.Release|Win32.Build.0 = Release|Any CPU
		{4033AFFA-BEA3-4BDF-84EA-59A23360FD36}.Release|x64.ActiveCfg = Release|Any CPU
		{4033AFFA-BEA3-4BDF-84EA-59A23360FD36}.Release|x64.Build.0 = Release|Any CPU
		{C11F4E3F-1527-4DF4-97C0-9FBC62EFF147}.Debug|Any CPU.ActiveCfg = Debug|Win32
		{C11F4E3F-1527-4DF4-97C0-9FBC62EFF147}.Debug|ARM.ActiveCfg = Debug|Win32
		{C11F4E3F-1527-4DF4-97C0-9FBC62EFF147}.Debug|Win32.ActiveCfg = Debug|Win32
		{C11F4E3F-1527-4DF4-97C0-9FBC62EFF147}.Debug|Win32.Build.0 = Debug|Win32
		{C11F4E3F-1527-4DF4-97C0-9FBC62EFF147}.Debug|x64.ActiveCfg = Debug|x64
		{C11F4E3F-1527-4DF4-97C0-9FBC62EFF147}.Debug|x64.Build.0 = Debug|x64
		{C11F4E3F-1527-4DF4-97C0-9FBC62EFF147}.Release|Any CPU.ActiveCfg = Release|Win32
		{C11F4E3F-1527-4DF4-97C0-9FBC62EFF147}.Release|ARM.ActiveCfg = Release|Win32
		{C11F4E3F-1527-4DF4-97C0-9FBC62EFF147}.Release|Win32.ActiveCfg = Release|Win32
		{C11F4E3F-1527-4DF4-97C0-9FBC62EFF147}.Release|Win32.Build.0 = Release|Win32
		{C11F4E3F-1527-4DF4-97C0-9FBC62EFF147}.Release|x64.ActiveCfg = Release|x64
		{C11F4E3F-1527-4DF4-97C0-9FBC62EFF147}.Release|x64.Build.0 = Release|x64
		{3B48E5E2-CE5B-4A0E-81D6-9F4529661C07}.Debug|Any CPU.ActiveCfg = Debug|Win32
		{3B48E5E2-CE5B-4A0E-81D6-9F4529661C07}.Debug|ARM.ActiveCfg = Debug|Win32
		{3B48E5E2-CE5B-4A0E-81D6-9F4529661C07}.Debug|Win32.ActiveCfg = Debug|Win32
		{3B48E5E2-CE5B-4A0E-81D6-9F4529661C07}.Debug|Win32.Build.0 = Debug|Win32
		{3B48E5E2-CE5B-4A0E-81D6-9F4529661C07}.Debug|x64.ActiveCfg = Debug|x64
		{3B48E5E2-CE5B-4A0E-81D6-9F4529661C07}.Debug|x64.Build.0 = Debug|x64
		{3B48E5E2-CE5B-4A0E-81D6-9F4529661C07}.Release|Any CPU.ActiveCfg = Release|Win32
		{3B48E5E2-CE5B-4A0E-81D6-9F4529661C07}.Release|ARM.ActiveCfg = Release|Win32
		{3B48E5E2-CE5B-4A0E-81D6-9F4529661C07}.Release|Win32.ActiveCfg = Release|Win32
		{3B48E5E2-CE5B-4A0E-81D6-9F4529661C07}.Release|Win32.Build.0 = Release|Win32
		{3B48E5E2-CE5B-4A0E-81D6-9F4529661C07}.Release|x64.ActiveCfg = Release|x64
		{3B48E5E2-CE5B-4A0E-81D6-9F4529661C07}.Release|x64.Build.0 = Release|x64
		{E3980191-4528-41DD-982B-7BC09F9680E0}.Debug|Any CPU.ActiveCfg = Debug|Win32
		{E3980191-4528-41DD-982B-7BC09F9680E0}.Debug|ARM.ActiveCfg = Debug|Win32
		{E3980191-4528-41DD-982B-7BC09F9680E0}.Debug|Win32.ActiveCfg = Debug|Win32
		{E3980191-4528-41DD-982B-7BC09F9680E0}.Debug|Win32.Build.0 = Debug|Win32
		{E3980191-4528-41DD-982B-7BC09F9680E0}.Debug|x64.ActiveCfg = Debug|x64
		{E3980191-4528-41DD-982B-7BC09F9680E0}.Debug|x64.Build.0 = Debug|x64
		{E3980191-4528-41DD-982B-7BC09F9680E0}.Release|Any CPU.ActiveCfg = Release|Win32
		{E3980191-4528-41DD-982B-7BC09F9680E0}.Release|ARM.ActiveCfg = Release|Win32
		{E3980191-4528-41DD-982B-7BC09F9680E0}.Release|Win32.ActiveCfg = Release|Win32
		{E3980191-4528-41DD-982B-7BC09F9680E0}.Release|Win32.Build.0 = Release|Win32
		{E3980191-4528-41DD-982B-7BC09F9680E0}.Release|x64.ActiveCfg = Release|x64
		{E3980191-4528-41DD-982B-7BC09F9680E0}.Release|x64.Build.0 = Release|x64
		{34C2BA86-5845-4781-B5AB-8E551E7BAF09}.Debug|Any CPU.ActiveCfg = Debug|Win32
		{34C2BA86-5845-4781-B5AB-8E551E7BAF09}.Debug|ARM.ActiveCfg = Debug|Win32
		{34C2BA86-5845-4781-B5AB-8E551E7BAF09}.Debug|Win32.ActiveCfg = Debug|Win32
		{34C2BA86-5845-4781-B5AB-8E551E7BAF09}.Debug|Win32.Build.0 = Debug|Win32
		{34C2BA86-5845-4781-B5AB-8E551E7BAF09}.Debug|x64.ActiveCfg = Debug|x64
		{34C2BA86-5845-4781-B5AB-8E551E7BAF09}.Debug|x64.Build.0 = Debug|x64
		{34C2BA86-5845-4781-B5AB-8E551E7BAF09}.Release|Any CPU.ActiveCfg = Release|Win32
		{34C2BA86-5845-4781-B5AB-8E551E7BAF09}.Release|ARM.ActiveCfg = Release|Win32
		{34C2BA86-5845-4781-B5AB-8E551E7BAF09}.Release|Win32.ActiveCfg = Release|Win32
		{34C2BA86-5845-4781-B5AB-8E551E7BAF09}.Release|Win32.Build.0 = Release|Win32
		{34C2BA86-5845-4781-B5AB-8E551E7BAF09}.Release|x64.ActiveCfg = Release|x64
		{34C2BA86-5845-4781-B5AB-8E551E7BAF09}.Release|x64.Build.0 = Release|x64
		{1BE56B97-37C1-4C58-A0EC-27397E9E0E19}.Debug|Any CPU.ActiveCfg = Debug|Win32
		{1BE56B97-37C1-4C58-A0EC-27397E9E0E19}.Debug|ARM.ActiveCfg = Debug|Win32
		{1BE56B97-37C1-4C58-A0EC-27397E9E0E19}.Debug|Win32.ActiveCfg = Debug|Win32
		{1BE56B97-37C1-4C58-A0EC-27397E9E0E19}.Debug|Win32.Build.0 = Debug|Win32
		{1BE56B97-37C1-4C58-A0EC-27397E9E0E19}.Debug|x64.ActiveCfg = Debug|x64
		{1BE56B97-37C1-4C58-A0EC-27397E9E0E19}.Debug|x64.Build.0 = Debug|x64
		{1BE56B97-37C1-4C58-A0EC-27397E9E0E19}.Release|Any CPU.ActiveCfg = Release|Win32
		{1BE56B97-37C1-4C58-A0EC-27397E9E0E19}.Release|ARM.ActiveCfg = Release|Win32
		{1BE56B97-37C1-4C58-A0EC-27397E9E0E19}.Release|Win32.ActiveCfg = Release|Win32
		{1BE56B97-37C1-4C58-A0EC-27397E9E0E19}.Release|Win32.Build.0 = Release|Win32
		{1BE56B97-37C1-4C58-A0EC-27397E9E0E19}.Release|x64.ActiveCfg = Release|x64
		{1BE56B97-37C1-4C58-A0EC-27397E9E0E19}.Release|x64.Build.0 = Release|x64
	EndGlobalSection
	GlobalSection(SolutionProperties) = preSolution
		HideSolutionNode = FALSE
	EndGlobalSection
	GlobalSection(VisualSVN) = preSolution
	EndGlobalSection
EndGlobal
